<?xml version="1.0" encoding="UTF-8"?>
<!DOCTYPE plist PUBLIC "-//Apple//DTD PLIST 1.0//EN" "http://www.apple.com/DTDs/PropertyList-1.0.dtd">
<plist version="1.0">
<dict>
	<key>archiveVersion</key>
	<string>1</string>
	<key>classes</key>
	<dict/>
	<key>objectVersion</key>
	<string>46</string>
	<key>objects</key>
	<dict>
		<key>0A41F9F2D13749E89E9E1A80</key>
		<dict>
			<key>buildActionMask</key>
			<string>2147483647</string>
			<key>files</key>
			<array/>
			<key>inputPaths</key>
			<array/>
			<key>isa</key>
			<string>PBXShellScriptBuildPhase</string>
			<key>name</key>
			<string>Check Pods Manifest.lock</string>
			<key>outputPaths</key>
			<array/>
			<key>runOnlyForDeploymentPostprocessing</key>
			<string>0</string>
			<key>shellPath</key>
			<string>/bin/sh</string>
			<key>shellScript</key>
			<string>diff "${PODS_ROOT}/../Podfile.lock" "${PODS_ROOT}/Manifest.lock" &gt; /dev/null
if [[ $? != 0 ]] ; then
    cat &lt;&lt; EOM
error: The sandbox is not in sync with the Podfile.lock. Run 'pod install' or update your CocoaPods installation.
EOM
    exit 1
fi
</string>
			<key>showEnvVarsInLog</key>
			<string>0</string>
		</dict>
		<key>22CE04ADA9314276ADE6AE7E</key>
		<dict>
			<key>fileRef</key>
			<string>F0F2A436171B41D394B58264</string>
			<key>isa</key>
			<string>PBXBuildFile</string>
		</dict>
		<key>260429D6196AACDA00F0AE9B</key>
		<dict>
			<key>fileEncoding</key>
			<string>4</string>
			<key>isa</key>
			<string>PBXFileReference</string>
			<key>lastKnownFileType</key>
			<string>sourcecode.c.objc</string>
			<key>path</key>
			<string>NSStringTests.m</string>
			<key>sourceTree</key>
			<string>&lt;group&gt;</string>
		</dict>
		<key>260429D7196AACDA00F0AE9B</key>
		<dict>
			<key>fileRef</key>
			<string>260429D6196AACDA00F0AE9B</string>
			<key>isa</key>
			<string>PBXBuildFile</string>
		</dict>
		<key>260C5E9E19067364000AA177</key>
		<dict>
			<key>children</key>
			<array>
				<string>2636576418F1D41700503925</string>
				<string>260C5E9F19067373000AA177</string>
			</array>
			<key>isa</key>
			<string>PBXGroup</string>
			<key>name</key>
			<string>Images</string>
			<key>sourceTree</key>
			<string>&lt;group&gt;</string>
		</dict>
		<key>260C5E9F19067373000AA177</key>
		<dict>
			<key>children</key>
			<array>
				<string>260C5EA019067373000AA177</string>
				<string>260C5EA119067373000AA177</string>
			</array>
			<key>isa</key>
			<string>PBXGroup</string>
			<key>name</key>
			<string>Assets</string>
			<key>path</key>
			<string>../../Assets</string>
			<key>sourceTree</key>
			<string>&lt;group&gt;</string>
		</dict>
		<key>260C5EA019067373000AA177</key>
		<dict>
			<key>isa</key>
			<string>PBXFileReference</string>
			<key>lastKnownFileType</key>
			<string>image.jpeg</string>
			<key>path</key>
			<string>indie_banner.jpg</string>
			<key>sourceTree</key>
			<string>&lt;group&gt;</string>
		</dict>
		<key>260C5EA119067373000AA177</key>
		<dict>
			<key>isa</key>
			<string>PBXFileReference</string>
			<key>lastKnownFileType</key>
			<string>image.jpeg</string>
			<key>path</key>
			<string>indie_banner_small.jpg</string>
			<key>sourceTree</key>
			<string>&lt;group&gt;</string>
		</dict>
		<key>260C5EA219067373000AA177</key>
		<dict>
			<key>fileRef</key>
			<string>260C5EA019067373000AA177</string>
			<key>isa</key>
			<string>PBXBuildFile</string>
		</dict>
		<key>260C5EA319067373000AA177</key>
		<dict>
			<key>fileRef</key>
			<string>260C5EA119067373000AA177</string>
			<key>isa</key>
			<string>PBXBuildFile</string>
		</dict>
		<key>260C5EA4190673B5000AA177</key>
		<dict>
			<key>children</key>
			<array>
				<string>2636575B18F1D41700503925</string>
				<string>2636575C18F1D41700503925</string>
				<string>26A7E4C6191278690012027B</string>
				<string>260C5EA51906742A000AA177</string>
				<string>260C5EA61906742A000AA177</string>
			</array>
			<key>isa</key>
			<string>PBXGroup</string>
			<key>name</key>
			<string>App Framework</string>
			<key>sourceTree</key>
			<string>&lt;group&gt;</string>
		</dict>
		<key>260C5EA51906742A000AA177</key>
		<dict>
			<key>fileEncoding</key>
			<string>4</string>
			<key>isa</key>
			<string>PBXFileReference</string>
			<key>lastKnownFileType</key>
			<string>sourcecode.c.h</string>
			<key>path</key>
			<string>TableViewController.h</string>
			<key>sourceTree</key>
			<string>&lt;group&gt;</string>
		</dict>
		<key>260C5EA61906742A000AA177</key>
		<dict>
			<key>fileEncoding</key>
			<string>4</string>
			<key>isa</key>
			<string>PBXFileReference</string>
			<key>lastKnownFileType</key>
			<string>sourcecode.c.objc</string>
			<key>path</key>
			<string>TableViewController.m</string>
			<key>sourceTree</key>
			<string>&lt;group&gt;</string>
		</dict>
		<key>260C5EA71906742A000AA177</key>
		<dict>
			<key>fileRef</key>
			<string>260C5EA61906742A000AA177</string>
			<key>isa</key>
			<string>PBXBuildFile</string>
		</dict>
		<key>260C5EA8190676B2000AA177</key>
		<dict>
			<key>children</key>
			<array>
				<string>260C5EA91906770D000AA177</string>
				<string>264E3E881911244B0093B056</string>
				<string>264E3E891911244B0093B056</string>
				<string>264E3E8A1911244B0093B056</string>
				<string>26A7E4BB1912758B0012027B</string>
				<string>26A7E4BC1912758B0012027B</string>
				<string>26A7E4BD1912758B0012027B</string>
				<string>263B019C19177DF000564FCB</string>
				<string>263B019D19177DF000564FCB</string>
				<string>263B019E19177DF000564FCB</string>
			</array>
			<key>isa</key>
			<string>PBXGroup</string>
			<key>name</key>
			<string>View Controllers</string>
			<key>sourceTree</key>
			<string>&lt;group&gt;</string>
		</dict>
		<key>260C5EA91906770D000AA177</key>
		<dict>
			<key>fileEncoding</key>
			<string>4</string>
			<key>isa</key>
			<string>PBXFileReference</string>
			<key>lastKnownFileType</key>
			<string>text.plist.xml</string>
			<key>path</key>
			<string>ViewControllers.plist</string>
			<key>sourceTree</key>
			<string>&lt;group&gt;</string>
		</dict>
		<key>260C5EAA1906770D000AA177</key>
		<dict>
			<key>fileRef</key>
			<string>260C5EA91906770D000AA177</string>
			<key>isa</key>
			<string>PBXBuildFile</string>
		</dict>
		<key>2636574018F1D41700503925</key>
		<dict>
			<key>children</key>
			<array>
				<string>2636575218F1D41700503925</string>
				<string>2636577118F1D41700503925</string>
				<string>2636574B18F1D41700503925</string>
				<string>2636574A18F1D41700503925</string>
				<string>ECF44C85D1FFFDB59B0964FA</string>
			</array>
			<key>isa</key>
			<string>PBXGroup</string>
			<key>sourceTree</key>
			<string>&lt;group&gt;</string>
		</dict>
		<key>2636574118F1D41700503925</key>
		<dict>
			<key>attributes</key>
			<dict>
				<key>LastUpgradeCheck</key>
				<string>0510</string>
				<key>ORGANIZATIONNAME</key>
				<string>indie-Software</string>
				<key>TargetAttributes</key>
				<dict>
					<key>2636576918F1D41700503925</key>
					<dict>
						<key>TestTargetID</key>
						<string>2636574818F1D41700503925</string>
					</dict>
				</dict>
			</dict>
			<key>buildConfigurationList</key>
			<string>2636574418F1D41700503925</string>
			<key>compatibilityVersion</key>
			<string>Xcode 3.2</string>
			<key>developmentRegion</key>
			<string>English</string>
			<key>hasScannedForEncodings</key>
			<string>0</string>
			<key>isa</key>
			<string>PBXProject</string>
			<key>knownRegions</key>
			<array>
				<string>en</string>
				<string>Base</string>
				<string>fr</string>
				<string>de</string>
			</array>
			<key>mainGroup</key>
			<string>2636574018F1D41700503925</string>
			<key>productRefGroup</key>
			<string>2636574A18F1D41700503925</string>
			<key>projectDirPath</key>
			<string></string>
			<key>projectReferences</key>
			<array/>
			<key>projectRoot</key>
			<string></string>
			<key>targets</key>
			<array>
				<string>2636574818F1D41700503925</string>
				<string>2636576918F1D41700503925</string>
			</array>
		</dict>
		<key>2636574418F1D41700503925</key>
		<dict>
			<key>buildConfigurations</key>
			<array>
				<string>2636577918F1D41700503925</string>
				<string>2636577A18F1D41700503925</string>
			</array>
			<key>defaultConfigurationIsVisible</key>
			<string>0</string>
			<key>defaultConfigurationName</key>
			<string>Release</string>
			<key>isa</key>
			<string>XCConfigurationList</string>
		</dict>
		<key>2636574518F1D41700503925</key>
		<dict>
			<key>buildActionMask</key>
			<string>2147483647</string>
			<key>files</key>
			<array>
				<string>2636575D18F1D41700503925</string>
				<string>2636575918F1D41700503925</string>
				<string>260C5EA71906742A000AA177</string>
				<string>264E3E8B1911244B0093B056</string>
				<string>26A7E4BE1912758B0012027B</string>
				<string>263B019F19177DF000564FCB</string>
			</array>
			<key>isa</key>
			<string>PBXSourcesBuildPhase</string>
			<key>runOnlyForDeploymentPostprocessing</key>
			<string>0</string>
		</dict>
		<key>2636574618F1D41700503925</key>
		<dict>
			<key>buildActionMask</key>
			<string>2147483647</string>
			<key>files</key>
			<array>
				<string>2636574F18F1D41700503925</string>
				<string>2636575118F1D41700503925</string>
				<string>2636574D18F1D41700503925</string>
				<string>22CE04ADA9314276ADE6AE7E</string>
			</array>
			<key>isa</key>
			<string>PBXFrameworksBuildPhase</string>
			<key>runOnlyForDeploymentPostprocessing</key>
			<string>0</string>
		</dict>
		<key>2636574718F1D41700503925</key>
		<dict>
			<key>buildActionMask</key>
			<string>2147483647</string>
			<key>files</key>
			<array>
				<string>2636576518F1D41700503925</string>
				<string>260C5EA319067373000AA177</string>
				<string>260C5EA219067373000AA177</string>
				<string>2636575718F1D41700503925</string>
				<string>26A7E4C01912761A0012027B</string>
				<string>260C5EAA1906770D000AA177</string>
				<string>26A7E4C7191278690012027B</string>
				<string>26A7E4BF1912758B0012027B</string>
				<string>264E3E8C1911244B0093B056</string>
				<string>263B01A019177DF000564FCB</string>
			</array>
			<key>isa</key>
			<string>PBXResourcesBuildPhase</string>
			<key>runOnlyForDeploymentPostprocessing</key>
			<string>0</string>
		</dict>
		<key>2636574818F1D41700503925</key>
		<dict>
			<key>buildConfigurationList</key>
			<string>2636577B18F1D41700503925</string>
			<key>buildPhases</key>
			<array>
				<string>0A41F9F2D13749E89E9E1A80</string>
				<string>2636574518F1D41700503925</string>
				<string>2636574618F1D41700503925</string>
				<string>2636574718F1D41700503925</string>
				<string>AC3A5FED29FD45538A541603</string>
			</array>
			<key>buildRules</key>
			<array/>
			<key>dependencies</key>
			<array/>
			<key>isa</key>
			<string>PBXNativeTarget</string>
			<key>name</key>
			<string>INLibExample</string>
			<key>productName</key>
			<string>INLibExample</string>
			<key>productReference</key>
			<string>2636574918F1D41700503925</string>
			<key>productType</key>
			<string>com.apple.product-type.application</string>
		</dict>
		<key>2636574918F1D41700503925</key>
		<dict>
			<key>explicitFileType</key>
			<string>wrapper.application</string>
			<key>includeInIndex</key>
			<string>0</string>
			<key>isa</key>
			<string>PBXFileReference</string>
			<key>path</key>
			<string>INLibExample.app</string>
			<key>sourceTree</key>
			<string>BUILT_PRODUCTS_DIR</string>
		</dict>
		<key>2636574A18F1D41700503925</key>
		<dict>
			<key>children</key>
			<array>
				<string>2636574918F1D41700503925</string>
				<string>2636576A18F1D41700503925</string>
			</array>
			<key>isa</key>
			<string>PBXGroup</string>
			<key>name</key>
			<string>Products</string>
			<key>sourceTree</key>
			<string>&lt;group&gt;</string>
		</dict>
		<key>2636574B18F1D41700503925</key>
		<dict>
			<key>children</key>
			<array>
				<string>2636574C18F1D41700503925</string>
				<string>2636574E18F1D41700503925</string>
				<string>2636575018F1D41700503925</string>
				<string>2636576B18F1D41700503925</string>
				<string>F0F2A436171B41D394B58264</string>
			</array>
			<key>isa</key>
			<string>PBXGroup</string>
			<key>name</key>
			<string>Frameworks</string>
			<key>sourceTree</key>
			<string>&lt;group&gt;</string>
		</dict>
		<key>2636574C18F1D41700503925</key>
		<dict>
			<key>isa</key>
			<string>PBXFileReference</string>
			<key>lastKnownFileType</key>
			<string>wrapper.framework</string>
			<key>name</key>
			<string>Foundation.framework</string>
			<key>path</key>
			<string>System/Library/Frameworks/Foundation.framework</string>
			<key>sourceTree</key>
			<string>SDKROOT</string>
		</dict>
		<key>2636574D18F1D41700503925</key>
		<dict>
			<key>fileRef</key>
			<string>2636574C18F1D41700503925</string>
			<key>isa</key>
			<string>PBXBuildFile</string>
		</dict>
		<key>2636574E18F1D41700503925</key>
		<dict>
			<key>isa</key>
			<string>PBXFileReference</string>
			<key>lastKnownFileType</key>
			<string>wrapper.framework</string>
			<key>name</key>
			<string>CoreGraphics.framework</string>
			<key>path</key>
			<string>System/Library/Frameworks/CoreGraphics.framework</string>
			<key>sourceTree</key>
			<string>SDKROOT</string>
		</dict>
		<key>2636574F18F1D41700503925</key>
		<dict>
			<key>fileRef</key>
			<string>2636574E18F1D41700503925</string>
			<key>isa</key>
			<string>PBXBuildFile</string>
		</dict>
		<key>2636575018F1D41700503925</key>
		<dict>
			<key>isa</key>
			<string>PBXFileReference</string>
			<key>lastKnownFileType</key>
			<string>wrapper.framework</string>
			<key>name</key>
			<string>UIKit.framework</string>
			<key>path</key>
			<string>System/Library/Frameworks/UIKit.framework</string>
			<key>sourceTree</key>
			<string>SDKROOT</string>
		</dict>
		<key>2636575118F1D41700503925</key>
		<dict>
			<key>fileRef</key>
			<string>2636575018F1D41700503925</string>
			<key>isa</key>
			<string>PBXBuildFile</string>
		</dict>
		<key>2636575218F1D41700503925</key>
		<dict>
			<key>children</key>
			<array>
				<string>260C5EA4190673B5000AA177</string>
				<string>260C5EA8190676B2000AA177</string>
				<string>260C5E9E19067364000AA177</string>
				<string>2636575318F1D41700503925</string>
			</array>
			<key>isa</key>
			<string>PBXGroup</string>
			<key>path</key>
			<string>INLibExample</string>
			<key>sourceTree</key>
			<string>&lt;group&gt;</string>
		</dict>
		<key>2636575318F1D41700503925</key>
		<dict>
			<key>children</key>
			<array>
				<string>2636575418F1D41700503925</string>
				<string>2636575518F1D41700503925</string>
				<string>2636575818F1D41700503925</string>
				<string>26A7E4C21912761A0012027B</string>
				<string>2636575A18F1D41700503925</string>
			</array>
			<key>isa</key>
			<string>PBXGroup</string>
			<key>name</key>
			<string>Supporting Files</string>
			<key>sourceTree</key>
			<string>&lt;group&gt;</string>
		</dict>
		<key>2636575418F1D41700503925</key>
		<dict>
			<key>isa</key>
			<string>PBXFileReference</string>
			<key>lastKnownFileType</key>
			<string>text.plist.xml</string>
			<key>path</key>
			<string>INLibExample-Info.plist</string>
			<key>sourceTree</key>
			<string>&lt;group&gt;</string>
		</dict>
		<key>2636575518F1D41700503925</key>
		<dict>
			<key>children</key>
			<array>
				<string>2636575618F1D41700503925</string>
			</array>
			<key>isa</key>
			<string>PBXVariantGroup</string>
			<key>name</key>
			<string>InfoPlist.strings</string>
			<key>sourceTree</key>
			<string>&lt;group&gt;</string>
		</dict>
		<key>2636575618F1D41700503925</key>
		<dict>
			<key>isa</key>
			<string>PBXFileReference</string>
			<key>lastKnownFileType</key>
			<string>text.plist.strings</string>
			<key>name</key>
			<string>en</string>
			<key>path</key>
			<string>en.lproj/InfoPlist.strings</string>
			<key>sourceTree</key>
			<string>&lt;group&gt;</string>
		</dict>
		<key>2636575718F1D41700503925</key>
		<dict>
			<key>fileRef</key>
			<string>2636575518F1D41700503925</string>
			<key>isa</key>
			<string>PBXBuildFile</string>
		</dict>
		<key>2636575818F1D41700503925</key>
		<dict>
			<key>isa</key>
			<string>PBXFileReference</string>
			<key>lastKnownFileType</key>
			<string>sourcecode.c.objc</string>
			<key>path</key>
			<string>main.m</string>
			<key>sourceTree</key>
			<string>&lt;group&gt;</string>
		</dict>
		<key>2636575918F1D41700503925</key>
		<dict>
			<key>fileRef</key>
			<string>2636575818F1D41700503925</string>
			<key>isa</key>
			<string>PBXBuildFile</string>
		</dict>
		<key>2636575A18F1D41700503925</key>
		<dict>
			<key>isa</key>
			<string>PBXFileReference</string>
			<key>lastKnownFileType</key>
			<string>sourcecode.c.h</string>
			<key>path</key>
			<string>INLibExample-Prefix.pch</string>
			<key>sourceTree</key>
			<string>&lt;group&gt;</string>
		</dict>
		<key>2636575B18F1D41700503925</key>
		<dict>
			<key>isa</key>
			<string>PBXFileReference</string>
			<key>lastKnownFileType</key>
			<string>sourcecode.c.h</string>
			<key>path</key>
			<string>AppDelegate.h</string>
			<key>sourceTree</key>
			<string>&lt;group&gt;</string>
		</dict>
		<key>2636575C18F1D41700503925</key>
		<dict>
			<key>isa</key>
			<string>PBXFileReference</string>
			<key>lastKnownFileType</key>
			<string>sourcecode.c.objc</string>
			<key>path</key>
			<string>AppDelegate.m</string>
			<key>sourceTree</key>
			<string>&lt;group&gt;</string>
		</dict>
		<key>2636575D18F1D41700503925</key>
		<dict>
			<key>fileRef</key>
			<string>2636575C18F1D41700503925</string>
			<key>isa</key>
			<string>PBXBuildFile</string>
		</dict>
		<key>2636576418F1D41700503925</key>
		<dict>
			<key>isa</key>
			<string>PBXFileReference</string>
			<key>lastKnownFileType</key>
			<string>folder.assetcatalog</string>
			<key>path</key>
			<string>Images.xcassets</string>
			<key>sourceTree</key>
			<string>&lt;group&gt;</string>
		</dict>
		<key>2636576518F1D41700503925</key>
		<dict>
			<key>fileRef</key>
			<string>2636576418F1D41700503925</string>
			<key>isa</key>
			<string>PBXBuildFile</string>
		</dict>
		<key>2636576618F1D41700503925</key>
		<dict>
			<key>buildActionMask</key>
			<string>2147483647</string>
			<key>files</key>
			<array>
				<string>269184DB1906849A009D12C3</string>
				<string>265CB53E1973F6630069B105</string>
				<string>260429D7196AACDA00F0AE9B</string>
			</array>
			<key>isa</key>
			<string>PBXSourcesBuildPhase</string>
			<key>runOnlyForDeploymentPostprocessing</key>
			<string>0</string>
		</dict>
		<key>2636576718F1D41700503925</key>
		<dict>
			<key>buildActionMask</key>
			<string>2147483647</string>
			<key>files</key>
			<array>
				<string>2636576C18F1D41700503925</string>
				<string>2636576E18F1D41700503925</string>
				<string>2636576D18F1D41700503925</string>
				<string>EEEC9F53D9E944CC8F6F9F8A</string>
			</array>
			<key>isa</key>
			<string>PBXFrameworksBuildPhase</string>
			<key>runOnlyForDeploymentPostprocessing</key>
			<string>0</string>
		</dict>
		<key>2636576818F1D41700503925</key>
		<dict>
			<key>buildActionMask</key>
			<string>2147483647</string>
			<key>files</key>
			<array>
				<string>2636577618F1D41700503925</string>
			</array>
			<key>isa</key>
			<string>PBXResourcesBuildPhase</string>
			<key>runOnlyForDeploymentPostprocessing</key>
			<string>0</string>
		</dict>
		<key>2636576918F1D41700503925</key>
		<dict>
			<key>buildConfigurationList</key>
			<string>2636577E18F1D41700503925</string>
			<key>buildPhases</key>
			<array>
				<string>5ADE75D5FF02469587D23E94</string>
				<string>2636576618F1D41700503925</string>
				<string>2636576718F1D41700503925</string>
				<string>2636576818F1D41700503925</string>
				<string>99AD4FAFE4A34428B15875F2</string>
			</array>
			<key>buildRules</key>
			<array/>
			<key>dependencies</key>
			<array>
				<string>2636577018F1D41700503925</string>
			</array>
			<key>isa</key>
			<string>PBXNativeTarget</string>
			<key>name</key>
			<string>INLibExampleTests</string>
			<key>productName</key>
			<string>INLibExampleTests</string>
			<key>productReference</key>
			<string>2636576A18F1D41700503925</string>
			<key>productType</key>
			<string>com.apple.product-type.bundle.unit-test</string>
		</dict>
		<key>2636576A18F1D41700503925</key>
		<dict>
			<key>explicitFileType</key>
			<string>wrapper.cfbundle</string>
			<key>includeInIndex</key>
			<string>0</string>
			<key>isa</key>
			<string>PBXFileReference</string>
			<key>path</key>
			<string>INLibExampleTests.xctest</string>
			<key>sourceTree</key>
			<string>BUILT_PRODUCTS_DIR</string>
		</dict>
		<key>2636576B18F1D41700503925</key>
		<dict>
			<key>isa</key>
			<string>PBXFileReference</string>
			<key>lastKnownFileType</key>
			<string>wrapper.framework</string>
			<key>name</key>
			<string>XCTest.framework</string>
			<key>path</key>
			<string>Library/Frameworks/XCTest.framework</string>
			<key>sourceTree</key>
			<string>DEVELOPER_DIR</string>
		</dict>
		<key>2636576C18F1D41700503925</key>
		<dict>
			<key>fileRef</key>
			<string>2636576B18F1D41700503925</string>
			<key>isa</key>
			<string>PBXBuildFile</string>
		</dict>
		<key>2636576D18F1D41700503925</key>
		<dict>
			<key>fileRef</key>
			<string>2636574C18F1D41700503925</string>
			<key>isa</key>
			<string>PBXBuildFile</string>
		</dict>
		<key>2636576E18F1D41700503925</key>
		<dict>
			<key>fileRef</key>
			<string>2636575018F1D41700503925</string>
			<key>isa</key>
			<string>PBXBuildFile</string>
		</dict>
		<key>2636576F18F1D41700503925</key>
		<dict>
			<key>containerPortal</key>
			<string>2636574118F1D41700503925</string>
			<key>isa</key>
			<string>PBXContainerItemProxy</string>
			<key>proxyType</key>
			<string>1</string>
			<key>remoteGlobalIDString</key>
			<string>2636574818F1D41700503925</string>
			<key>remoteInfo</key>
			<string>INLibExample</string>
		</dict>
		<key>2636577018F1D41700503925</key>
		<dict>
			<key>isa</key>
			<string>PBXTargetDependency</string>
			<key>target</key>
			<string>2636574818F1D41700503925</string>
			<key>targetProxy</key>
			<string>2636576F18F1D41700503925</string>
		</dict>
		<key>2636577118F1D41700503925</key>
		<dict>
			<key>children</key>
			<array>
				<string>269184DA1906849A009D12C3</string>
				<string>260429D6196AACDA00F0AE9B</string>
				<string>265CB53D1973F6630069B105</string>
				<string>2636577218F1D41700503925</string>
			</array>
			<key>isa</key>
			<string>PBXGroup</string>
			<key>path</key>
			<string>INLibExampleTests</string>
			<key>sourceTree</key>
			<string>&lt;group&gt;</string>
		</dict>
		<key>2636577218F1D41700503925</key>
		<dict>
			<key>children</key>
			<array>
				<string>2636577318F1D41700503925</string>
				<string>2636577418F1D41700503925</string>
			</array>
			<key>isa</key>
			<string>PBXGroup</string>
			<key>name</key>
			<string>Supporting Files</string>
			<key>sourceTree</key>
			<string>&lt;group&gt;</string>
		</dict>
		<key>2636577318F1D41700503925</key>
		<dict>
			<key>isa</key>
			<string>PBXFileReference</string>
			<key>lastKnownFileType</key>
			<string>text.plist.xml</string>
			<key>path</key>
			<string>INLibExampleTests-Info.plist</string>
			<key>sourceTree</key>
			<string>&lt;group&gt;</string>
		</dict>
		<key>2636577418F1D41700503925</key>
		<dict>
			<key>children</key>
			<array>
				<string>2636577518F1D41700503925</string>
			</array>
			<key>isa</key>
			<string>PBXVariantGroup</string>
			<key>name</key>
			<string>InfoPlist.strings</string>
			<key>sourceTree</key>
			<string>&lt;group&gt;</string>
		</dict>
		<key>2636577518F1D41700503925</key>
		<dict>
			<key>isa</key>
			<string>PBXFileReference</string>
			<key>lastKnownFileType</key>
			<string>text.plist.strings</string>
			<key>name</key>
			<string>en</string>
			<key>path</key>
			<string>en.lproj/InfoPlist.strings</string>
			<key>sourceTree</key>
			<string>&lt;group&gt;</string>
		</dict>
		<key>2636577618F1D41700503925</key>
		<dict>
			<key>fileRef</key>
			<string>2636577418F1D41700503925</string>
			<key>isa</key>
			<string>PBXBuildFile</string>
		</dict>
		<key>2636577918F1D41700503925</key>
		<dict>
			<key>buildSettings</key>
			<dict>
				<key>ALWAYS_SEARCH_USER_PATHS</key>
				<string>NO</string>
				<key>CLANG_CXX_LANGUAGE_STANDARD</key>
				<string>gnu++0x</string>
				<key>CLANG_CXX_LIBRARY</key>
				<string>libc++</string>
				<key>CLANG_ENABLE_MODULES</key>
				<string>YES</string>
				<key>CLANG_ENABLE_OBJC_ARC</key>
				<string>YES</string>
				<key>CLANG_WARN_BOOL_CONVERSION</key>
				<string>YES</string>
				<key>CLANG_WARN_CONSTANT_CONVERSION</key>
				<string>YES</string>
				<key>CLANG_WARN_DIRECT_OBJC_ISA_USAGE</key>
				<string>YES_ERROR</string>
				<key>CLANG_WARN_EMPTY_BODY</key>
				<string>YES</string>
				<key>CLANG_WARN_ENUM_CONVERSION</key>
				<string>YES</string>
				<key>CLANG_WARN_INT_CONVERSION</key>
				<string>YES</string>
				<key>CLANG_WARN_OBJC_ROOT_CLASS</key>
				<string>YES_ERROR</string>
				<key>CLANG_WARN__DUPLICATE_METHOD_MATCH</key>
				<string>YES</string>
				<key>CODE_SIGN_IDENTITY[sdk=iphoneos*]</key>
				<string>iPhone Developer</string>
				<key>COPY_PHASE_STRIP</key>
				<string>NO</string>
				<key>GCC_C_LANGUAGE_STANDARD</key>
				<string>gnu99</string>
				<key>GCC_DYNAMIC_NO_PIC</key>
				<string>NO</string>
				<key>GCC_OPTIMIZATION_LEVEL</key>
				<string>0</string>
				<key>GCC_PREPROCESSOR_DEFINITIONS</key>
				<array>
					<string>DEBUG=1</string>
					<string>$(inherited)</string>
				</array>
				<key>GCC_SYMBOLS_PRIVATE_EXTERN</key>
				<string>NO</string>
				<key>GCC_WARN_64_TO_32_BIT_CONVERSION</key>
				<string>YES</string>
				<key>GCC_WARN_ABOUT_RETURN_TYPE</key>
				<string>YES_ERROR</string>
				<key>GCC_WARN_UNDECLARED_SELECTOR</key>
				<string>YES</string>
				<key>GCC_WARN_UNINITIALIZED_AUTOS</key>
				<string>YES_AGGRESSIVE</string>
				<key>GCC_WARN_UNUSED_FUNCTION</key>
				<string>YES</string>
				<key>GCC_WARN_UNUSED_VARIABLE</key>
				<string>YES</string>
				<key>IPHONEOS_DEPLOYMENT_TARGET</key>
				<string>6.0</string>
				<key>ONLY_ACTIVE_ARCH</key>
				<string>YES</string>
				<key>SDKROOT</key>
				<string>iphoneos</string>
			</dict>
			<key>isa</key>
			<string>XCBuildConfiguration</string>
			<key>name</key>
			<string>Debug</string>
		</dict>
		<key>2636577A18F1D41700503925</key>
		<dict>
			<key>buildSettings</key>
			<dict>
				<key>ALWAYS_SEARCH_USER_PATHS</key>
				<string>NO</string>
				<key>CLANG_CXX_LANGUAGE_STANDARD</key>
				<string>gnu++0x</string>
				<key>CLANG_CXX_LIBRARY</key>
				<string>libc++</string>
				<key>CLANG_ENABLE_MODULES</key>
				<string>YES</string>
				<key>CLANG_ENABLE_OBJC_ARC</key>
				<string>YES</string>
				<key>CLANG_WARN_BOOL_CONVERSION</key>
				<string>YES</string>
				<key>CLANG_WARN_CONSTANT_CONVERSION</key>
				<string>YES</string>
				<key>CLANG_WARN_DIRECT_OBJC_ISA_USAGE</key>
				<string>YES_ERROR</string>
				<key>CLANG_WARN_EMPTY_BODY</key>
				<string>YES</string>
				<key>CLANG_WARN_ENUM_CONVERSION</key>
				<string>YES</string>
				<key>CLANG_WARN_INT_CONVERSION</key>
				<string>YES</string>
				<key>CLANG_WARN_OBJC_ROOT_CLASS</key>
				<string>YES_ERROR</string>
				<key>CLANG_WARN__DUPLICATE_METHOD_MATCH</key>
				<string>YES</string>
				<key>CODE_SIGN_IDENTITY[sdk=iphoneos*]</key>
				<string>iPhone Developer</string>
				<key>COPY_PHASE_STRIP</key>
				<string>YES</string>
				<key>ENABLE_NS_ASSERTIONS</key>
				<string>NO</string>
				<key>GCC_C_LANGUAGE_STANDARD</key>
				<string>gnu99</string>
				<key>GCC_WARN_64_TO_32_BIT_CONVERSION</key>
				<string>YES</string>
				<key>GCC_WARN_ABOUT_RETURN_TYPE</key>
				<string>YES_ERROR</string>
				<key>GCC_WARN_UNDECLARED_SELECTOR</key>
				<string>YES</string>
				<key>GCC_WARN_UNINITIALIZED_AUTOS</key>
				<string>YES_AGGRESSIVE</string>
				<key>GCC_WARN_UNUSED_FUNCTION</key>
				<string>YES</string>
				<key>GCC_WARN_UNUSED_VARIABLE</key>
				<string>YES</string>
				<key>IPHONEOS_DEPLOYMENT_TARGET</key>
				<string>6.0</string>
				<key>SDKROOT</key>
				<string>iphoneos</string>
				<key>VALIDATE_PRODUCT</key>
				<string>YES</string>
			</dict>
			<key>isa</key>
			<string>XCBuildConfiguration</string>
			<key>name</key>
			<string>Release</string>
		</dict>
		<key>2636577B18F1D41700503925</key>
		<dict>
			<key>buildConfigurations</key>
			<array>
				<string>2636577C18F1D41700503925</string>
				<string>2636577D18F1D41700503925</string>
			</array>
			<key>defaultConfigurationIsVisible</key>
			<string>0</string>
			<key>defaultConfigurationName</key>
			<string>Release</string>
			<key>isa</key>
			<string>XCConfigurationList</string>
		</dict>
		<key>2636577C18F1D41700503925</key>
		<dict>
			<key>baseConfigurationReference</key>
			<string>41CE5C34AA187B53BBACC2E6</string>
			<key>buildSettings</key>
			<dict>
				<key>ASSETCATALOG_COMPILER_APPICON_NAME</key>
				<string>AppIcon</string>
				<key>ASSETCATALOG_COMPILER_LAUNCHIMAGE_NAME</key>
				<string>LaunchImage</string>
				<key>GCC_PRECOMPILE_PREFIX_HEADER</key>
				<string>YES</string>
				<key>GCC_PREFIX_HEADER</key>
				<string>INLibExample/INLibExample-Prefix.pch</string>
				<key>INFOPLIST_FILE</key>
				<string>INLibExample/INLibExample-Info.plist</string>
				<key>PRODUCT_NAME</key>
				<string>$(TARGET_NAME)</string>
				<key>WRAPPER_EXTENSION</key>
				<string>app</string>
			</dict>
			<key>isa</key>
			<string>XCBuildConfiguration</string>
			<key>name</key>
			<string>Debug</string>
		</dict>
		<key>2636577D18F1D41700503925</key>
		<dict>
			<key>baseConfigurationReference</key>
			<string>7E3798181C202D0E017A3BBC</string>
			<key>buildSettings</key>
			<dict>
				<key>ASSETCATALOG_COMPILER_APPICON_NAME</key>
				<string>AppIcon</string>
				<key>ASSETCATALOG_COMPILER_LAUNCHIMAGE_NAME</key>
				<string>LaunchImage</string>
				<key>GCC_PRECOMPILE_PREFIX_HEADER</key>
				<string>YES</string>
				<key>GCC_PREFIX_HEADER</key>
				<string>INLibExample/INLibExample-Prefix.pch</string>
				<key>INFOPLIST_FILE</key>
				<string>INLibExample/INLibExample-Info.plist</string>
				<key>PRODUCT_NAME</key>
				<string>$(TARGET_NAME)</string>
				<key>WRAPPER_EXTENSION</key>
				<string>app</string>
			</dict>
			<key>isa</key>
			<string>XCBuildConfiguration</string>
			<key>name</key>
			<string>Release</string>
		</dict>
		<key>2636577E18F1D41700503925</key>
		<dict>
			<key>buildConfigurations</key>
			<array>
				<string>2636577F18F1D41700503925</string>
				<string>2636578018F1D41700503925</string>
			</array>
			<key>defaultConfigurationIsVisible</key>
			<string>0</string>
			<key>defaultConfigurationName</key>
			<string>Release</string>
			<key>isa</key>
			<string>XCConfigurationList</string>
		</dict>
		<key>2636577F18F1D41700503925</key>
		<dict>
			<key>baseConfigurationReference</key>
			<string>41CE5C34AA187B53BBACC2E6</string>
			<key>buildSettings</key>
			<dict>
				<key>BUNDLE_LOADER</key>
				<string>$(BUILT_PRODUCTS_DIR)/INLibExample.app/INLibExample</string>
				<key>FRAMEWORK_SEARCH_PATHS</key>
				<array>
					<string>$(SDKROOT)/Developer/Library/Frameworks</string>
					<string>$(inherited)</string>
					<string>$(DEVELOPER_FRAMEWORKS_DIR)</string>
				</array>
				<key>GCC_PRECOMPILE_PREFIX_HEADER</key>
				<string>YES</string>
				<key>GCC_PREFIX_HEADER</key>
				<string>INLibExample/INLibExample-Prefix.pch</string>
				<key>GCC_PREPROCESSOR_DEFINITIONS</key>
				<array>
					<string>DEBUG=1</string>
					<string>$(inherited)</string>
				</array>
				<key>INFOPLIST_FILE</key>
				<string>INLibExampleTests/INLibExampleTests-Info.plist</string>
				<key>PRODUCT_NAME</key>
				<string>$(TARGET_NAME)</string>
				<key>TEST_HOST</key>
				<string>$(BUNDLE_LOADER)</string>
				<key>WRAPPER_EXTENSION</key>
				<string>xctest</string>
			</dict>
			<key>isa</key>
			<string>XCBuildConfiguration</string>
			<key>name</key>
			<string>Debug</string>
		</dict>
		<key>2636578018F1D41700503925</key>
		<dict>
			<key>baseConfigurationReference</key>
			<string>7E3798181C202D0E017A3BBC</string>
			<key>buildSettings</key>
			<dict>
				<key>BUNDLE_LOADER</key>
				<string>$(BUILT_PRODUCTS_DIR)/INLibExample.app/INLibExample</string>
				<key>FRAMEWORK_SEARCH_PATHS</key>
				<array>
					<string>$(SDKROOT)/Developer/Library/Frameworks</string>
					<string>$(inherited)</string>
					<string>$(DEVELOPER_FRAMEWORKS_DIR)</string>
				</array>
				<key>GCC_PRECOMPILE_PREFIX_HEADER</key>
				<string>YES</string>
				<key>GCC_PREFIX_HEADER</key>
				<string>INLibExample/INLibExample-Prefix.pch</string>
				<key>INFOPLIST_FILE</key>
				<string>INLibExampleTests/INLibExampleTests-Info.plist</string>
				<key>PRODUCT_NAME</key>
				<string>$(TARGET_NAME)</string>
				<key>TEST_HOST</key>
				<string>$(BUNDLE_LOADER)</string>
				<key>WRAPPER_EXTENSION</key>
				<string>xctest</string>
			</dict>
			<key>isa</key>
			<string>XCBuildConfiguration</string>
			<key>name</key>
			<string>Release</string>
		</dict>
		<key>263B019C19177DF000564FCB</key>
		<dict>
			<key>fileEncoding</key>
			<string>4</string>
			<key>isa</key>
			<string>PBXFileReference</string>
			<key>lastKnownFileType</key>
			<string>sourcecode.c.h</string>
			<key>path</key>
			<string>Localizer2ViewController.h</string>
			<key>sourceTree</key>
			<string>&lt;group&gt;</string>
		</dict>
		<key>263B019D19177DF000564FCB</key>
		<dict>
			<key>fileEncoding</key>
			<string>4</string>
			<key>isa</key>
			<string>PBXFileReference</string>
			<key>lastKnownFileType</key>
			<string>sourcecode.c.objc</string>
			<key>path</key>
			<string>Localizer2ViewController.m</string>
			<key>sourceTree</key>
			<string>&lt;group&gt;</string>
		</dict>
		<key>263B019E19177DF000564FCB</key>
		<dict>
			<key>fileEncoding</key>
			<string>4</string>
			<key>isa</key>
			<string>PBXFileReference</string>
			<key>lastKnownFileType</key>
			<string>file.xib</string>
			<key>path</key>
			<string>Localizer2ViewController.xib</string>
			<key>sourceTree</key>
			<string>&lt;group&gt;</string>
		</dict>
		<key>263B019F19177DF000564FCB</key>
		<dict>
			<key>fileRef</key>
			<string>263B019D19177DF000564FCB</string>
			<key>isa</key>
			<string>PBXBuildFile</string>
		</dict>
		<key>263B01A019177DF000564FCB</key>
		<dict>
			<key>fileRef</key>
			<string>263B019E19177DF000564FCB</string>
			<key>isa</key>
			<string>PBXBuildFile</string>
		</dict>
		<key>264E3E881911244B0093B056</key>
		<dict>
			<key>fileEncoding</key>
			<string>4</string>
			<key>isa</key>
			<string>PBXFileReference</string>
			<key>lastKnownFileType</key>
			<string>sourcecode.c.h</string>
			<key>path</key>
			<string>AlertViewController.h</string>
			<key>sourceTree</key>
			<string>&lt;group&gt;</string>
		</dict>
		<key>264E3E891911244B0093B056</key>
		<dict>
			<key>fileEncoding</key>
			<string>4</string>
			<key>isa</key>
			<string>PBXFileReference</string>
			<key>lastKnownFileType</key>
			<string>sourcecode.c.objc</string>
			<key>path</key>
			<string>AlertViewController.m</string>
			<key>sourceTree</key>
			<string>&lt;group&gt;</string>
		</dict>
		<key>264E3E8A1911244B0093B056</key>
		<dict>
			<key>fileEncoding</key>
			<string>4</string>
			<key>isa</key>
			<string>PBXFileReference</string>
			<key>lastKnownFileType</key>
			<string>file.xib</string>
			<key>path</key>
			<string>AlertViewController.xib</string>
			<key>sourceTree</key>
			<string>&lt;group&gt;</string>
		</dict>
		<key>264E3E8B1911244B0093B056</key>
		<dict>
			<key>fileRef</key>
			<string>264E3E891911244B0093B056</string>
			<key>isa</key>
			<string>PBXBuildFile</string>
		</dict>
		<key>264E3E8C1911244B0093B056</key>
		<dict>
			<key>fileRef</key>
			<string>264E3E8A1911244B0093B056</string>
			<key>isa</key>
			<string>PBXBuildFile</string>
		</dict>
		<key>265CB53D1973F6630069B105</key>
		<dict>
			<key>fileEncoding</key>
			<string>4</string>
			<key>isa</key>
			<string>PBXFileReference</string>
			<key>lastKnownFileType</key>
			<string>sourcecode.c.objc</string>
			<key>path</key>
			<string>NSDictionaryTests.m</string>
			<key>sourceTree</key>
			<string>&lt;group&gt;</string>
		</dict>
		<key>265CB53E1973F6630069B105</key>
		<dict>
			<key>fileRef</key>
			<string>265CB53D1973F6630069B105</string>
			<key>isa</key>
			<string>PBXBuildFile</string>
		</dict>
		<key>269184DA1906849A009D12C3</key>
		<dict>
			<key>fileEncoding</key>
			<string>4</string>
			<key>isa</key>
			<string>PBXFileReference</string>
			<key>lastKnownFileType</key>
			<string>sourcecode.c.objc</string>
			<key>path</key>
			<string>NSArrayTests.m</string>
			<key>sourceTree</key>
			<string>&lt;group&gt;</string>
		</dict>
		<key>269184DB1906849A009D12C3</key>
		<dict>
			<key>fileRef</key>
			<string>269184DA1906849A009D12C3</string>
			<key>isa</key>
			<string>PBXBuildFile</string>
		</dict>
		<key>26A7E4BB1912758B0012027B</key>
		<dict>
			<key>fileEncoding</key>
			<string>4</string>
			<key>isa</key>
			<string>PBXFileReference</string>
			<key>lastKnownFileType</key>
			<string>sourcecode.c.h</string>
			<key>path</key>
			<string>LocalizerViewController.h</string>
			<key>sourceTree</key>
			<string>&lt;group&gt;</string>
		</dict>
		<key>26A7E4BC1912758B0012027B</key>
		<dict>
			<key>fileEncoding</key>
			<string>4</string>
			<key>isa</key>
			<string>PBXFileReference</string>
			<key>lastKnownFileType</key>
			<string>sourcecode.c.objc</string>
			<key>path</key>
			<string>LocalizerViewController.m</string>
			<key>sourceTree</key>
			<string>&lt;group&gt;</string>
		</dict>
		<key>26A7E4BD1912758B0012027B</key>
		<dict>
			<key>fileEncoding</key>
			<string>4</string>
			<key>isa</key>
			<string>PBXFileReference</string>
			<key>lastKnownFileType</key>
			<string>file.xib</string>
			<key>path</key>
			<string>LocalizerViewController.xib</string>
			<key>sourceTree</key>
			<string>&lt;group&gt;</string>
		</dict>
		<key>26A7E4BE1912758B0012027B</key>
		<dict>
			<key>fileRef</key>
			<string>26A7E4BC1912758B0012027B</string>
			<key>isa</key>
			<string>PBXBuildFile</string>
		</dict>
		<key>26A7E4BF1912758B0012027B</key>
		<dict>
			<key>fileRef</key>
			<string>26A7E4BD1912758B0012027B</string>
			<key>isa</key>
			<string>PBXBuildFile</string>
		</dict>
		<key>26A7E4C01912761A0012027B</key>
		<dict>
			<key>fileRef</key>
			<string>26A7E4C21912761A0012027B</string>
			<key>isa</key>
			<string>PBXBuildFile</string>
		</dict>
		<key>26A7E4C21912761A0012027B</key>
		<dict>
			<key>children</key>
			<array>
				<string>26A7E4C3191276210012027B</string>
				<string>26A7E4C4191276710012027B</string>
				<string>26A7E4C5191276790012027B</string>
			</array>
			<key>isa</key>
			<string>PBXVariantGroup</string>
			<key>name</key>
			<string>Localizable.strings</string>
			<key>sourceTree</key>
			<string>&lt;group&gt;</string>
		</dict>
		<key>26A7E4C3191276210012027B</key>
		<dict>
			<key>isa</key>
			<string>PBXFileReference</string>
			<key>lastKnownFileType</key>
			<string>text.plist.strings</string>
			<key>name</key>
			<string>en</string>
			<key>path</key>
			<string>en.lproj/Localizable.strings</string>
			<key>sourceTree</key>
			<string>&lt;group&gt;</string>
		</dict>
		<key>26A7E4C4191276710012027B</key>
		<dict>
			<key>isa</key>
			<string>PBXFileReference</string>
			<key>lastKnownFileType</key>
			<string>text.plist.strings</string>
			<key>name</key>
			<string>fr</string>
			<key>path</key>
			<string>fr.lproj/Localizable.strings</string>
			<key>sourceTree</key>
			<string>&lt;group&gt;</string>
		</dict>
		<key>26A7E4C5191276790012027B</key>
		<dict>
			<key>isa</key>
			<string>PBXFileReference</string>
			<key>lastKnownFileType</key>
			<string>text.plist.strings</string>
			<key>name</key>
			<string>de</string>
			<key>path</key>
			<string>de.lproj/Localizable.strings</string>
			<key>sourceTree</key>
			<string>&lt;group&gt;</string>
		</dict>
		<key>26A7E4C6191278690012027B</key>
		<dict>
			<key>fileEncoding</key>
			<string>4</string>
			<key>isa</key>
			<string>PBXFileReference</string>
			<key>lastKnownFileType</key>
			<string>file.storyboard</string>
			<key>path</key>
			<string>Main.storyboard</string>
			<key>sourceTree</key>
			<string>&lt;group&gt;</string>
		</dict>
		<key>26A7E4C7191278690012027B</key>
		<dict>
			<key>fileRef</key>
			<string>26A7E4C6191278690012027B</string>
			<key>isa</key>
			<string>PBXBuildFile</string>
		</dict>
		<key>41CE5C34AA187B53BBACC2E6</key>
		<dict>
			<key>includeInIndex</key>
			<string>1</string>
			<key>isa</key>
			<string>PBXFileReference</string>
			<key>lastKnownFileType</key>
			<string>text.xcconfig</string>
			<key>name</key>
			<string>Pods.debug.xcconfig</string>
			<key>path</key>
			<string>Pods/Target Support Files/Pods/Pods.debug.xcconfig</string>
			<key>sourceTree</key>
			<string>&lt;group&gt;</string>
		</dict>
		<key>5ADE75D5FF02469587D23E94</key>
		<dict>
			<key>buildActionMask</key>
			<string>2147483647</string>
			<key>files</key>
			<array/>
			<key>inputPaths</key>
			<array/>
			<key>isa</key>
			<string>PBXShellScriptBuildPhase</string>
			<key>name</key>
			<string>Check Pods Manifest.lock</string>
			<key>outputPaths</key>
			<array/>
			<key>runOnlyForDeploymentPostprocessing</key>
			<string>0</string>
			<key>shellPath</key>
			<string>/bin/sh</string>
			<key>shellScript</key>
			<string>diff "${PODS_ROOT}/../Podfile.lock" "${PODS_ROOT}/Manifest.lock" &gt; /dev/null
if [[ $? != 0 ]] ; then
    cat &lt;&lt; EOM
error: The sandbox is not in sync with the Podfile.lock. Run 'pod install' or update your CocoaPods installation.
EOM
    exit 1
fi
</string>
			<key>showEnvVarsInLog</key>
			<string>0</string>
		</dict>
		<key>7E3798181C202D0E017A3BBC</key>
		<dict>
			<key>includeInIndex</key>
			<string>1</string>
			<key>isa</key>
			<string>PBXFileReference</string>
			<key>lastKnownFileType</key>
			<string>text.xcconfig</string>
			<key>name</key>
			<string>Pods.release.xcconfig</string>
			<key>path</key>
			<string>Pods/Target Support Files/Pods/Pods.release.xcconfig</string>
			<key>sourceTree</key>
			<string>&lt;group&gt;</string>
		</dict>
		<key>99AD4FAFE4A34428B15875F2</key>
		<dict>
			<key>buildActionMask</key>
			<string>2147483647</string>
			<key>files</key>
			<array/>
			<key>inputPaths</key>
			<array/>
			<key>isa</key>
			<string>PBXShellScriptBuildPhase</string>
			<key>name</key>
			<string>Copy Pods Resources</string>
			<key>outputPaths</key>
			<array/>
			<key>runOnlyForDeploymentPostprocessing</key>
			<string>0</string>
			<key>shellPath</key>
			<string>/bin/sh</string>
			<key>shellScript</key>
			<string>"${SRCROOT}/Pods/Target Support Files/Pods/Pods-resources.sh"
</string>
			<key>showEnvVarsInLog</key>
			<string>0</string>
		</dict>
		<key>AC3A5FED29FD45538A541603</key>
		<dict>
			<key>buildActionMask</key>
			<string>2147483647</string>
			<key>files</key>
			<array/>
			<key>inputPaths</key>
			<array/>
			<key>isa</key>
			<string>PBXShellScriptBuildPhase</string>
			<key>name</key>
			<string>Copy Pods Resources</string>
			<key>outputPaths</key>
			<array/>
			<key>runOnlyForDeploymentPostprocessing</key>
			<string>0</string>
			<key>shellPath</key>
			<string>/bin/sh</string>
			<key>shellScript</key>
			<string>"${SRCROOT}/Pods/Target Support Files/Pods/Pods-resources.sh"
</string>
			<key>showEnvVarsInLog</key>
			<string>0</string>
		</dict>
		<key>ECF44C85D1FFFDB59B0964FA</key>
		<dict>
			<key>children</key>
			<array>
				<string>41CE5C34AA187B53BBACC2E6</string>
				<string>7E3798181C202D0E017A3BBC</string>
			</array>
			<key>isa</key>
			<string>PBXGroup</string>
			<key>name</key>
			<string>Pods</string>
			<key>sourceTree</key>
			<string>&lt;group&gt;</string>
		</dict>
		<key>EEEC9F53D9E944CC8F6F9F8A</key>
		<dict>
			<key>fileRef</key>
			<string>F0F2A436171B41D394B58264</string>
			<key>isa</key>
			<string>PBXBuildFile</string>
		</dict>
		<key>F0F2A436171B41D394B58264</key>
		<dict>
			<key>explicitFileType</key>
			<string>archive.ar</string>
			<key>includeInIndex</key>
			<string>0</string>
			<key>isa</key>
			<string>PBXFileReference</string>
			<key>path</key>
			<string>libPods.a</string>
			<key>sourceTree</key>
			<string>BUILT_PRODUCTS_DIR</string>
		</dict>
	</dict>
	<key>rootObject</key>
	<string>2636574118F1D41700503925</string>
</dict>
</plist>
